
Microsoft Visual Studio Solution File, Format Version 12.00
# Visual Studio Version 17
VisualStudioVersion = 17.4.33213.308
MinimumVisualStudioVersion = 10.0.40219.1
Project("{FAE04EC0-301F-11D3-BF4B-00C04F79EFBC}") = "DB_WordCounter", "DB_WordCounter.csproj", "{2D8A840E-9318-42CF-8CE0-97686F12F220}"
EndProject
Project("{FAE04EC0-301F-11D3-BF4B-00C04F79EFBC}") = "Test_DB_WordCounter", "..\Test_DB_WordCounter\Test_DB_WordCounter.csproj", "{D64F4DEC-6556-428C-9963-615789784E90}"
EndProject
Global
	GlobalSection(SolutionConfigurationPlatforms) = preSolution
		Debug|Any CPU = Debug|Any CPU
		Release|Any CPU = Release|Any CPU
	EndGlobalSection
	GlobalSection(ProjectConfigurationPlatforms) = postSolution
		{2D8A840E-9318-42CF-8CE0-97686F12F220}.Debug|Any CPU.ActiveCfg = Debug|Any CPU
		{2D8A840E-9318-42CF-8CE0-97686F12F220}.Debug|Any CPU.Build.0 = Debug|Any CPU
		{2D8A840E-9318-42CF-8CE0-97686F12F220}.Release|Any CPU.ActiveCfg = Release|Any CPU
		{2D8A840E-9318-42CF-8CE0-97686F12F220}.Release|Any CPU.Build.0 = Release|Any CPU
		{D64F4DEC-6556-428C-9963-615789784E90}.Debug|Any CPU.ActiveCfg = Debug|Any CPU
		{D64F4DEC-6556-428C-9963-615789784E90}.Debug|Any CPU.Build.0 = Debug|Any CPU
		{D64F4DEC-6556-428C-9963-615789784E90}.Release|Any CPU.ActiveCfg = Release|Any CPU
		{D64F4DEC-6556-428C-9963-615789784E90}.Release|Any CPU.Build.0 = Release|Any CPU
	EndGlobalSection
	GlobalSection(SolutionProperties) = preSolution
		HideSolutionNode = FALSE
	EndGlobalSection
	GlobalSection(ExtensibilityGlobals) = postSolution
		SolutionGuid = {CD3A41E8-2DBD-4A65-92B7-440D7F6C8165}
	EndGlobalSection
EndGlobal
